
Microsoft Visual Studio Solution File, Format Version 12.00
# Visual Studio Version 16
VisualStudioVersion = 16.0.30804.86
MinimumVisualStudioVersion = 10.0.40219.1
Project("{FAE04EC0-301F-11D3-BF4B-00C04F79EFBC}") = "TeamcityTest", "TeamcityTest\TeamcityTest.csproj", "{39BDF3D7-BDAC-47F8-8887-D2D901AFF12B}"
EndProject
Project("{FAE04EC0-301F-11D3-BF4B-00C04F79EFBC}") = "TeamcityTest.Tests", "TeamcityTest.Tests\TeamcityTest.Tests.csproj", "{BD250EB8-C14F-422F-ADC5-5DF15C8FAB82}"
EndProject
Global
	GlobalSection(SolutionConfigurationPlatforms) = preSolution
		Debug|Any CPU = Debug|Any CPU
		Release|Any CPU = Release|Any CPU
	EndGlobalSection
	GlobalSection(ProjectConfigurationPlatforms) = postSolution
		{39BDF3D7-BDAC-47F8-8887-D2D901AFF12B}.Debug|Any CPU.ActiveCfg = Debug|Any CPU
		{39BDF3D7-BDAC-47F8-8887-D2D901AFF12B}.Debug|Any CPU.Build.0 = Debug|Any CPU
		{39BDF3D7-BDAC-47F8-8887-D2D901AFF12B}.Release|Any CPU.ActiveCfg = Release|Any CPU
		{39BDF3D7-BDAC-47F8-8887-D2D901AFF12B}.Release|Any CPU.Build.0 = Release|Any CPU
		{BD250EB8-C14F-422F-ADC5-5DF15C8FAB82}.Debug|Any CPU.ActiveCfg = Debug|Any CPU
		{BD250EB8-C14F-422F-ADC5-5DF15C8FAB82}.Debug|Any CPU.Build.0 = Debug|Any CPU
		{BD250EB8-C14F-422F-ADC5-5DF15C8FAB82}.Release|Any CPU.ActiveCfg = Release|Any CPU
		{BD250EB8-C14F-422F-ADC5-5DF15C8FAB82}.Release|Any CPU.Build.0 = Release|Any CPU
	EndGlobalSection
	GlobalSection(SolutionProperties) = preSolution
		HideSolutionNode = FALSE
	EndGlobalSection
	GlobalSection(ExtensibilityGlobals) = postSolution
		SolutionGuid = {ED2FD9FB-6160-4C31-975F-B4E0A52AD438}
	EndGlobalSection
EndGlobal
